{
  "name": "study",
  "version": "1.0.0",
  "lockfileVersion": 1,
  "requires": true,
  "dependencies": {
    "@vant/weapp": {
      "version": "1.7.2",
      "resolved": "https://registry.nlark.com/@vant/weapp/download/@vant/weapp-1.7.2.tgz",
      "integrity": "sha1-+0BI8zX9lGWF0fEtWlvrUvvJGpw="
    },
    "crypto-js": {
      "version": "4.1.1",
      "resolved": "https://registry.nlark.com/crypto-js/download/crypto-js-4.1.1.tgz?cache=0&sync_timestamp=1626954954639&other_urls=https%3A%2F%2Fregistry.nlark.com%2Fcrypto-js%2Fdownload%2Fcrypto-js-4.1.1.tgz",
      "integrity": "sha1-nkhbzwNSEEG9hYRHhrg/t2GXNs8="
    },
    "jsencrypt": {
      "version": "3.2.1",
      "resolved": "https://registry.nlark.com/jsencrypt/download/jsencrypt-3.2.1.tgz",
      "integrity": "sha1-CXZpg8x2AIj/JrEv5+V0JSr5dyc="
    }
  }
}
